dependencies:
- name: mysql
  repository: https://charts.bitnami.com/bitnami
  version: 9.3.3
- name: redis
  repository: https://charts.bitnami.com/bitnami
  version: 16.10.1
digest: sha256:5853ccbbd9912d8ce6a48a6bfae9588dafadc0fdcb08f6bbf7727a15a4edbe80
generated: "2022-09-23T06:28:23.42349+02:00"
